<?xml version="1.0" encoding="utf-8"?>
<Project ToolsVersion="4.0" xmlns="http://schemas.microsoft.com/developer/msbuild/2003">
  <ItemGroup>
    <Filter Include="Source Files">
      <UniqueIdentifier>{4FC737F1-C7A5-4376-A066-2A32D752A2FF}</UniqueIdentifier>
      <Extensions>cpp;c;cc;cxx;c++;cppm;ixx;def;odl;idl;hpj;bat;asm;asmx</Extensions>
    </Filter>
    <Filter Include="Header Files">
      <UniqueIdentifier>{93995380-89BD-4b04-88EB-625FBE52EBFB}</UniqueIdentifier>
      <Extensions>h;hh;hpp;hxx;h++;hm;inl;inc;ipp;xsd</Extensions>
    </Filter>
    <Filter Include="Resource Files">
      <UniqueIdentifier>{67DA6AB6-F800-4c08-8B7A-83BB121AAD01}</UniqueIdentifier>
      <Extensions>rc;ico;cur;bmp;dlg;rc2;rct;bin;rgs;gif;jpg;jpeg;jpe;resx;tiff;tif;png;wav;mfcribbon-ms</Extensions>
    </Filter>
    <Filter Include="shader">
      <UniqueIdentifier>{fb93326a-af6a-4a68-a414-b330faa794cd}</UniqueIdentifier>
    </Filter>
    <Filter Include="Source Files\systems">
      <UniqueIdentifier>{d4516ede-5a5f-44ae-a62c-b6a8b0069910}</UniqueIdentifier>
    </Filter>
    <Filter Include="Header Files\VulkanUtils">
      <UniqueIdentifier>{84bb214f-c4f9-408e-95a4-beceeae59d78}</UniqueIdentifier>
    </Filter>
    <Filter Include="Source Files\VulkanUtils">
      <UniqueIdentifier>{a06b1bd2-199e-4083-9016-ba36b374e09b}</UniqueIdentifier>
    </Filter>
    <Filter Include="Header Files\Objects">
      <UniqueIdentifier>{c7430e2c-0a02-4834-825c-55befbcef98e}</UniqueIdentifier>
    </Filter>
    <Filter Include="Source Files\Objects">
      <UniqueIdentifier>{964b4edd-7342-4f4f-b972-5cf3e268a446}</UniqueIdentifier>
    </Filter>
    <Filter Include="Header Files\systems">
      <UniqueIdentifier>{b4da41a5-622e-4e10-a46c-3f2d3df203b2}</UniqueIdentifier>
    </Filter>
    <Filter Include="Source Files\GUI">
      <UniqueIdentifier>{5361df3c-2576-4f43-a08d-932ae403889b}</UniqueIdentifier>
    </Filter>
    <Filter Include="Source Files\Renderer">
      <UniqueIdentifier>{a239ce88-a112-482e-92dc-9739afd65e03}</UniqueIdentifier>
    </Filter>
    <Filter Include="Header Files\Manager">
      <UniqueIdentifier>{0d68d0df-5605-4999-af05-78fd4009fd84}</UniqueIdentifier>
    </Filter>
    <Filter Include="Source Files\Manager">
      <UniqueIdentifier>{a95e02f0-a951-452c-92fd-e2ca2288d593}</UniqueIdentifier>
    </Filter>
    <Filter Include="Header Files\render_systems">
      <UniqueIdentifier>{a9de6823-d098-4f79-85cf-93d47f074da1}</UniqueIdentifier>
    </Filter>
    <Filter Include="Source Files\render_systems">
      <UniqueIdentifier>{437140d8-daaa-41f7-aa9f-e6748231501b}</UniqueIdentifier>
    </Filter>
    <Filter Include="Header Files\Renderer">
      <UniqueIdentifier>{230575e8-2eed-4e9d-a8c4-000b0ad181c6}</UniqueIdentifier>
    </Filter>
  </ItemGroup>
  <ItemGroup>
    <ClCompile Include="main.cpp">
      <Filter>Source Files</Filter>
    </ClCompile>
    <ClCompile Include="Window.cpp">
      <Filter>Source Files</Filter>
    </ClCompile>
    <ClCompile Include="App.cpp">
      <Filter>Source Files</Filter>
    </ClCompile>
    <ClCompile Include="KeyboardController.cpp">
      <Filter>Source Files</Filter>
    </ClCompile>
    <ClCompile Include="Buffer.cpp">
      <Filter>Source Files\VulkanUtils</Filter>
    </ClCompile>
    <ClCompile Include="Camera.cpp">
      <Filter>Source Files\VulkanUtils</Filter>
    </ClCompile>
    <ClCompile Include="Descriptor.cpp">
      <Filter>Source Files\VulkanUtils</Filter>
    </ClCompile>
    <ClCompile Include="Device.cpp">
      <Filter>Source Files\VulkanUtils</Filter>
    </ClCompile>
    <ClCompile Include="GameObject.cpp">
      <Filter>Source Files\VulkanUtils</Filter>
    </ClCompile>
    <ClCompile Include="SwapChain.cpp">
      <Filter>Source Files\VulkanUtils</Filter>
    </ClCompile>
    <ClCompile Include="Pipeline.cpp">
      <Filter>Source Files\VulkanUtils</Filter>
    </ClCompile>
    <ClCompile Include="GBuffer.cpp">
      <Filter>Source Files</Filter>
    </ClCompile>
    <ClCompile Include="GuiManager.cpp">
      <Filter>Source Files\GUI</Filter>
    </ClCompile>
    <ClCompile Include="..\external\imgui\imgui.cpp">
      <Filter>Source Files\GUI</Filter>
    </ClCompile>
    <ClCompile Include="..\external\imgui\imgui_draw.cpp">
      <Filter>Source Files\GUI</Filter>
    </ClCompile>
    <ClCompile Include="..\external\imgui\backends\imgui_impl_glfw.cpp">
      <Filter>Source Files\GUI</Filter>
    </ClCompile>
    <ClCompile Include="..\external\imgui\backends\imgui_impl_vulkan.cpp">
      <Filter>Source Files\GUI</Filter>
    </ClCompile>
    <ClCompile Include="..\external\imgui\imgui_tables.cpp">
      <Filter>Source Files\GUI</Filter>
    </ClCompile>
    <ClCompile Include="..\external\imgui\imgui_widgets.cpp">
      <Filter>Source Files\GUI</Filter>
    </ClCompile>
    <ClCompile Include="Renderer.cpp">
      <Filter>Source Files\Renderer</Filter>
    </ClCompile>
    <ClCompile Include="SceneManager.cpp">
      <Filter>Source Files\Manager</Filter>
    </ClCompile>
    <ClCompile Include="MaterialManager.cpp">
      <Filter>Source Files\Manager</Filter>
    </ClCompile>
    <ClCompile Include="DeferredRenderer.cpp">
      <Filter>Source Files\Renderer</Filter>
    </ClCompile>
    <ClCompile Include="Material.cpp">
      <Filter>Source Files\Objects</Filter>
    </ClCompile>
    <ClCompile Include="MaterialSystem.cpp">
      <Filter>Source Files\systems</Filter>
    </ClCompile>
    <ClCompile Include="model.cpp">
      <Filter>Source Files\Objects</Filter>
    </ClCompile>
    <ClCompile Include="PointLight.cpp">
      <Filter>Source Files\Objects</Filter>
    </ClCompile>
    <ClCompile Include="TextureManager.cpp">
      <Filter>Source Files\Manager</Filter>
    </ClCompile>
    <ClCompile Include="TriangleMesh.cpp">
      <Filter>Source Files\Objects</Filter>
    </ClCompile>
    <ClCompile Include="Light.cpp">
      <Filter>Source Files\Objects</Filter>
    </ClCompile>
    <ClCompile Include="LightManager.cpp">
      <Filter>Source Files\Manager</Filter>
    </ClCompile>
    <ClCompile Include="BillboardSystem.cpp">
      <Filter>Source Files\systems</Filter>
    </ClCompile>
    <ClCompile Include="BillboardRS.cpp">
      <Filter>Source Files\render_systems</Filter>
    </ClCompile>
    <ClCompile Include="GeometryRS.cpp">
      <Filter>Source Files\render_systems</Filter>
    </ClCompile>
    <ClCompile Include="LighningRS.cpp">
      <Filter>Source Files\render_systems</Filter>
    </ClCompile>
    <ClCompile Include="RenderSystem.cpp">
      <Filter>Source Files\render_systems</Filter>
    </ClCompile>
    <ClCompile Include="BillboardManager.cpp">
      <Filter>Source Files\Manager</Filter>
    </ClCompile>
    <ClCompile Include="LightSystem.cpp">
      <Filter>Source Files\systems</Filter>
    </ClCompile>
    <ClCompile Include="RenderStage.cpp">
      <Filter>Source Files</Filter>
    </ClCompile>
    <ClCompile Include="GeometryStage.cpp">
      <Filter>Source Files</Filter>
    </ClCompile>
    <ClCompile Include="LightingStage.cpp">
      <Filter>Source Files</Filter>
    </ClCompile>
    <ClCompile Include="Texture.cpp">
      <Filter>Source Files\VulkanUtils</Filter>
    </ClCompile>
  </ItemGroup>
  <ItemGroup>
    <ClInclude Include="Window.hpp">
      <Filter>Header Files</Filter>
    </ClInclude>
    <ClInclude Include="App.hpp">
      <Filter>Header Files</Filter>
    </ClInclude>
    <ClInclude Include="KeyboardController.hpp">
      <Filter>Header Files</Filter>
    </ClInclude>
    <ClInclude Include="define.hpp">
      <Filter>Header Files</Filter>
    </ClInclude>
    <ClInclude Include="Buffer.hpp">
      <Filter>Header Files\VulkanUtils</Filter>
    </ClInclude>
    <ClInclude Include="Descriptor.hpp">
      <Filter>Header Files\VulkanUtils</Filter>
    </ClInclude>
    <ClInclude Include="Device.hpp">
      <Filter>Header Files\VulkanUtils</Filter>
    </ClInclude>
    <ClInclude Include="SwapChain.hpp">
      <Filter>Header Files\VulkanUtils</Filter>
    </ClInclude>
    <ClInclude Include="Utils.hpp">
      <Filter>Header Files\VulkanUtils</Filter>
    </ClInclude>
    <ClInclude Include="Pipeline.hpp">
      <Filter>Header Files\VulkanUtils</Filter>
    </ClInclude>
    <ClInclude Include="Camera.hpp">
      <Filter>Header Files\VulkanUtils</Filter>
    </ClInclude>
    <ClInclude Include="FrameInfo.hpp">
      <Filter>Header Files\VulkanUtils</Filter>
    </ClInclude>
    <ClInclude Include="GameObject.hpp">
      <Filter>Header Files\VulkanUtils</Filter>
    </ClInclude>
    <ClInclude Include="Texture.hpp">
      <Filter>Header Files\VulkanUtils</Filter>
    </ClInclude>
    <ClInclude Include="Material.h">
      <Filter>Header Files\Objects</Filter>
    </ClInclude>
    <ClInclude Include="GBuffer.hpp">
      <Filter>Header Files</Filter>
    </ClInclude>
    <ClInclude Include="Renderer.hpp">
      <Filter>Header Files\Renderer</Filter>
    </ClInclude>
    <ClInclude Include="DeferredRenderer.hpp">
      <Filter>Header Files\Renderer</Filter>
    </ClInclude>
    <ClInclude Include="SceneManager.h">
      <Filter>Header Files\Manager</Filter>
    </ClInclude>
    <ClInclude Include="TextureManager.h">
      <Filter>Header Files\Manager</Filter>
    </ClInclude>
    <ClInclude Include="MaterialManager.h">
      <Filter>Header Files\Manager</Filter>
    </ClInclude>
    <ClInclude Include="GuiManager.h">
      <Filter>Header Files\Manager</Filter>
    </ClInclude>
    <ClInclude Include="MaterialSystem.h">
      <Filter>Header Files\systems</Filter>
    </ClInclude>
    <ClInclude Include="Model.hpp">
      <Filter>Header Files\Objects</Filter>
    </ClInclude>
    <ClInclude Include="TriangleMesh.hpp">
      <Filter>Header Files\Objects</Filter>
    </ClInclude>
    <ClInclude Include="PointLight.h">
      <Filter>Header Files\Objects</Filter>
    </ClInclude>
    <ClInclude Include="Light.h">
      <Filter>Header Files\Objects</Filter>
    </ClInclude>
    <ClInclude Include="LightManager.h">
      <Filter>Header Files\Manager</Filter>
    </ClInclude>
    <ClInclude Include="LightSystem.h">
      <Filter>Header Files\systems</Filter>
    </ClInclude>
    <ClInclude Include="BillboardManager.h">
      <Filter>Header Files\Manager</Filter>
    </ClInclude>
    <ClInclude Include="BillboardSystem.h">
      <Filter>Header Files\systems</Filter>
    </ClInclude>
    <ClInclude Include="BillboardRS.h">
      <Filter>Header Files\render_systems</Filter>
    </ClInclude>
    <ClInclude Include="GeometryRS.h">
      <Filter>Header Files\render_systems</Filter>
    </ClInclude>
    <ClInclude Include="RenderSystem.h">
      <Filter>Header Files\render_systems</Filter>
    </ClInclude>
    <ClInclude Include="LighningRS.h">
      <Filter>Header Files\render_systems</Filter>
    </ClInclude>
    <ClInclude Include="RenderStage.h">
      <Filter>Header Files</Filter>
    </ClInclude>
    <ClInclude Include="GeometryStage.h">
      <Filter>Header Files</Filter>
    </ClInclude>
    <ClInclude Include="LightingStage.h">
      <Filter>Header Files</Filter>
    </ClInclude>
  </ItemGroup>
  <ItemGroup>
    <None Include="simple_shader.vert">
      <Filter>shader</Filter>
    </None>
    <None Include="simple_shader.frag">
      <Filter>shader</Filter>
    </None>
    <None Include="compile.bat">
      <Filter>Source Files</Filter>
    </None>
    <None Include="point_light.vert">
      <Filter>shader</Filter>
    </None>
    <None Include="point_light.frag">
      <Filter>shader</Filter>
    </None>
    <None Include="shaders\simple_shader.frag">
      <Filter>shader</Filter>
    </None>
    <None Include="shaders\simple_shader.vert">
      <Filter>shader</Filter>
    </None>
    <None Include="gBuffer.vert">
      <Filter>shader</Filter>
    </None>
    <None Include="gBuffer.frag">
      <Filter>shader</Filter>
    </None>
    <None Include="shaders\LightningPassDeffered.vert">
      <Filter>shader</Filter>
    </None>
    <None Include="shaders\LightningPassDeffered.frag">
      <Filter>shader</Filter>
    </None>
  </ItemGroup>
</Project>